# THIS IS AN AUTOGENERATED FILE. DO NOT EDIT THIS FILE DIRECTLY.
# yarn lockfile v1


ast-types@0.11.5, ast-types@^0.11.5:
  version "0.11.5"
  resolved "https://registry.yarnpkg.com/ast-types/-/ast-types-0.11.5.tgz#9890825d660c03c28339f315e9fa0a360e31ec28"

esprima@~4.0.0:
  version "4.0.1"
  resolved "https://registry.yarnpkg.com/esprima/-/esprima-4.0.1.tgz#13b04cdb3e6c5d19df91ab6987a8695619b0aa71"

private@~0.1.5:
  version "0.1.8"
  resolved "https://registry.yarnpkg.com/private/-/private-0.1.8.tgz#2381edb3689f7a53d653190060fcf822d2f368ff"

recast@^0.15.3:
  version "0.15.3"
  resolved "https://registry.yarnpkg.com/recast/-/recast-0.15.3.tgz#5fc1fd1c8e2d4d027ee3977a176bbb8d1c83305e"
  dependencies:
    ast-types "0.11.5"
    esprima "~4.0.0"
    private "~0.1.5"
    source-map "~0.6.1"

source-map@~0.6.1:
  version "0.6.1"
  resolved "https://registry.yarnpkg.com/source-map/-/source-map-0.6.1.tgz#74722af32e9614e9c287a8d0bbde48b5e2f1a263"
